
Microsoft Visual Studio Solution File, Format Version 12.00
# Visual Studio 2012
Project("{888888A0-9F3D-457C-B088-3A5042F75D52}") = "rpm_xgboost", "rpm_xgboost\rpm_xgboost.pyproj", "{87A3CACF-4670-4B04-925B-346130604AC3}"
EndProject
Global
	GlobalSection(SolutionConfigurationPlatforms) = preSolution
		Debug|Any CPU = Debug|Any CPU
		Release|Any CPU = Release|Any CPU
	EndGlobalSection
	GlobalSection(ProjectConfigurationPlatforms) = postSolution
		{87A3CACF-4670-4B04-925B-346130604AC3}.Debug|Any CPU.ActiveCfg = Debug|Any CPU
		{87A3CACF-4670-4B04-925B-346130604AC3}.Release|Any CPU.ActiveCfg = Release|Any CPU
	EndGlobalSection
	GlobalSection(SolutionProperties) = preSolution
		HideSolutionNode = FALSE
	EndGlobalSection
EndGlobal
